
Microsoft Visual Studio Solution File, Format Version 12.00
# Visual Studio Version 16
VisualStudioVersion = 16.0.29613.14
MinimumVisualStudioVersion = 10.0.40219.1
Project("{9A19103F-16F7-4668-BE54-9A1E7A4F7556}") = "WebApplication", "WebApplication\WebApplication.csproj", "{5F7EABFE-6EBC-458A-B718-5AEB5C7D912F}"
EndProject
Project("{9A19103F-16F7-4668-BE54-9A1E7A4F7556}") = "Domain", "..\Domain\Domain\Domain.csproj", "{4524FC7C-C4DA-484F-86B6-5E16CFB47AAF}"
EndProject
Project("{FAE04EC0-301F-11D3-BF4B-00C04F79EFBC}") = "Repository", "..\Repository\Repository.csproj", "{EAD24526-F13F-4906-9D74-BE543E33F4A2}"
EndProject
Project("{FAE04EC0-301F-11D3-BF4B-00C04F79EFBC}") = "IoC", "..\IoC\IoC.csproj", "{EF3C63DE-DBA2-4839-BEC9-28DF524E1000}"
EndProject
Project("{FAE04EC0-301F-11D3-BF4B-00C04F79EFBC}") = "AppService", "..\AppService\AppService\AppService.csproj", "{C16AA540-0663-414E-8FD0-EF723169D2EB}"
EndProject
Global
	GlobalSection(SolutionConfigurationPlatforms) = preSolution
		Debug|Any CPU = Debug|Any CPU
		Release|Any CPU = Release|Any CPU
	EndGlobalSection
	GlobalSection(ProjectConfigurationPlatforms) = postSolution
		{5F7EABFE-6EBC-458A-B718-5AEB5C7D912F}.Debug|Any CPU.ActiveCfg = Debug|Any CPU
		{5F7EABFE-6EBC-458A-B718-5AEB5C7D912F}.Debug|Any CPU.Build.0 = Debug|Any CPU
		{5F7EABFE-6EBC-458A-B718-5AEB5C7D912F}.Release|Any CPU.ActiveCfg = Release|Any CPU
		{5F7EABFE-6EBC-458A-B718-5AEB5C7D912F}.Release|Any CPU.Build.0 = Release|Any CPU
		{4524FC7C-C4DA-484F-86B6-5E16CFB47AAF}.Debug|Any CPU.ActiveCfg = Debug|Any CPU
		{4524FC7C-C4DA-484F-86B6-5E16CFB47AAF}.Debug|Any CPU.Build.0 = Debug|Any CPU
		{4524FC7C-C4DA-484F-86B6-5E16CFB47AAF}.Release|Any CPU.ActiveCfg = Release|Any CPU
		{4524FC7C-C4DA-484F-86B6-5E16CFB47AAF}.Release|Any CPU.Build.0 = Release|Any CPU
		{EAD24526-F13F-4906-9D74-BE543E33F4A2}.Debug|Any CPU.ActiveCfg = Debug|Any CPU
		{EAD24526-F13F-4906-9D74-BE543E33F4A2}.Debug|Any CPU.Build.0 = Debug|Any CPU
		{EAD24526-F13F-4906-9D74-BE543E33F4A2}.Release|Any CPU.ActiveCfg = Release|Any CPU
		{EAD24526-F13F-4906-9D74-BE543E33F4A2}.Release|Any CPU.Build.0 = Release|Any CPU
		{EF3C63DE-DBA2-4839-BEC9-28DF524E1000}.Debug|Any CPU.ActiveCfg = Debug|Any CPU
		{EF3C63DE-DBA2-4839-BEC9-28DF524E1000}.Debug|Any CPU.Build.0 = Debug|Any CPU
		{EF3C63DE-DBA2-4839-BEC9-28DF524E1000}.Release|Any CPU.ActiveCfg = Release|Any CPU
		{EF3C63DE-DBA2-4839-BEC9-28DF524E1000}.Release|Any CPU.Build.0 = Release|Any CPU
		{C16AA540-0663-414E-8FD0-EF723169D2EB}.Debug|Any CPU.ActiveCfg = Debug|Any CPU
		{C16AA540-0663-414E-8FD0-EF723169D2EB}.Debug|Any CPU.Build.0 = Debug|Any CPU
		{C16AA540-0663-414E-8FD0-EF723169D2EB}.Release|Any CPU.ActiveCfg = Release|Any CPU
		{C16AA540-0663-414E-8FD0-EF723169D2EB}.Release|Any CPU.Build.0 = Release|Any CPU
	EndGlobalSection
	GlobalSection(SolutionProperties) = preSolution
		HideSolutionNode = FALSE
	EndGlobalSection
	GlobalSection(ExtensibilityGlobals) = postSolution
		SolutionGuid = {E6920807-E665-4C8E-BD7F-7EA7B35A70DE}
	EndGlobalSection
EndGlobal
